
Microsoft Visual Studio Solution File, Format Version 12.00
# Visual Studio Version 17
VisualStudioVersion = 17.0.32112.339
MinimumVisualStudioVersion = 10.0.40219.1
Project("{FAE04EC0-301F-11D3-BF4B-00C04F79EFBC}") = "ContaCorrente.ConsoleApp", "ContaCorrente.ConsoleApp\ContaCorrente.ConsoleApp.csproj", "{D630B886-3DF8-4D32-9378-FED0B4562F17}"
EndProject
Global
	GlobalSection(SolutionConfigurationPlatforms) = preSolution
		Debug|Any CPU = Debug|Any CPU
		Release|Any CPU = Release|Any CPU
	EndGlobalSection
	GlobalSection(ProjectConfigurationPlatforms) = postSolution
		{D630B886-3DF8-4D32-9378-FED0B4562F17}.Debug|Any CPU.ActiveCfg = Debug|Any CPU
		{D630B886-3DF8-4D32-9378-FED0B4562F17}.Debug|Any CPU.Build.0 = Debug|Any CPU
		{D630B886-3DF8-4D32-9378-FED0B4562F17}.Release|Any CPU.ActiveCfg = Release|Any CPU
		{D630B886-3DF8-4D32-9378-FED0B4562F17}.Release|Any CPU.Build.0 = Release|Any CPU
	EndGlobalSection
	GlobalSection(SolutionProperties) = preSolution
		HideSolutionNode = FALSE
	EndGlobalSection
	GlobalSection(ExtensibilityGlobals) = postSolution
		SolutionGuid = {F8475692-3647-4191-80C2-0AB6BB61A7D1}
	EndGlobalSection
EndGlobal
